Microsoft Visual Studio Solution File, Format Version 12.00
# Visual Studio Version 17
VisualStudioVersion = 17.5.2.0
MinimumVisualStudioVersion = 10.0.40219.1
Project("{2150E333-8FDC-42A3-9474-1A3956D46DE8}") = "API", "API", "{D82C56D6-B2CD-F611-9E31-04638F7EC30E}"
EndProject
Project("{2150E333-8FDC-42A3-9474-1A3956D46DE8}") = "WebAdmin", "WebAdmin", "{15D91AF9-2C73-E0DE-10C7-29BB4496F73C}"
EndProject
Project("{FAE04EC0-301F-11D3-BF4B-00C04F79EFBC}") = "ElectronicsStoreAPI", "API\ElectronicsStoreAPI.csproj", "{F168DFE5-D817-B803-6925-96302AA16EBF}"
EndProject
Project("{FAE04EC0-301F-11D3-BF4B-00C04F79EFBC}") = "ElectronicsStoreWeb", "WebAdmin\ElectronicsStoreWeb.csproj", "{A9CBB355-613A-29C6-D5F1-00446B310269}"
EndProject
Global
	GlobalSection(SolutionConfigurationPlatforms) = preSolution
		Debug|Any CPU = Debug|Any CPU
		Release|Any CPU = Release|Any CPU
	EndGlobalSection
	GlobalSection(ProjectConfigurationPlatforms) = postSolution
		{F168DFE5-D817-B803-6925-96302AA16EBF}.Debug|Any CPU.ActiveCfg = Debug|Any CPU
		{F168DFE5-D817-B803-6925-96302AA16EBF}.Debug|Any CPU.Build.0 = Debug|Any CPU
		{F168DFE5-D817-B803-6925-96302AA16EBF}.Release|Any CPU.ActiveCfg = Release|Any CPU
		{F168DFE5-D817-B803-6925-96302AA16EBF}.Release|Any CPU.Build.0 = Release|Any CPU
		{A9CBB355-613A-29C6-D5F1-00446B310269}.Debug|Any CPU.ActiveCfg = Debug|Any CPU
		{A9CBB355-613A-29C6-D5F1-00446B310269}.Debug|Any CPU.Build.0 = Debug|Any CPU
		{A9CBB355-613A-29C6-D5F1-00446B310269}.Release|Any CPU.ActiveCfg = Release|Any CPU
		{A9CBB355-613A-29C6-D5F1-00446B310269}.Release|Any CPU.Build.0 = Release|Any CPU
	EndGlobalSection
	GlobalSection(SolutionProperties) = preSolution
		HideSolutionNode = FALSE
	EndGlobalSection
	GlobalSection(NestedProjects) = preSolution
		{F168DFE5-D817-B803-6925-96302AA16EBF} = {D82C56D6-B2CD-F611-9E31-04638F7EC30E}
		{A9CBB355-613A-29C6-D5F1-00446B310269} = {15D91AF9-2C73-E0DE-10C7-29BB4496F73C}
	EndGlobalSection
	GlobalSection(ExtensibilityGlobals) = postSolution
		SolutionGuid = {9832BAC6-6B5B-4F05-9DC7-E2EF6DD6F238}
	EndGlobalSection
EndGlobal
